
Microsoft Visual Studio Solution File, Format Version 12.00
# Visual Studio Version 17
VisualStudioVersion = 17.14.36127.28
MinimumVisualStudioVersion = 10.0.40219.1
Project("{FAE04EC0-301F-11D3-BF4B-00C04F79EFBC}") = "Talabat.APIs", "Talabat.APIs\Talabat.APIs.csproj", "{7551F6B6-0DB5-4C7E-80C0-2B486D0CC4B9}"
EndProject
Project("{FAE04EC0-301F-11D3-BF4B-00C04F79EFBC}") = "Talbat.Core", "Talbat.Core\Talbat.Core.csproj", "{4B1E25B1-4D4A-4759-8ACE-507F4480B279}"
EndProject
Project("{FAE04EC0-301F-11D3-BF4B-00C04F79EFBC}") = "Talbat.Repository", "Talbat.Repository\Talbat.Repository.csproj", "{BC47E99A-B0B1-4805-88DA-BCE3B5A5E82C}"
EndProject
Project("{FAE04EC0-301F-11D3-BF4B-00C04F79EFBC}") = "Talbat.Service", "Talbat.Service\Talbat.Service.csproj", "{7C5B6817-5449-405F-8C4D-47526A7AE26D}"
EndProject
Global
	GlobalSection(SolutionConfigurationPlatforms) = preSolution
		Debug|Any CPU = Debug|Any CPU
		Release|Any CPU = Release|Any CPU
	EndGlobalSection
	GlobalSection(ProjectConfigurationPlatforms) = postSolution
		{7551F6B6-0DB5-4C7E-80C0-2B486D0CC4B9}.Debug|Any CPU.ActiveCfg = Debug|Any CPU
		{7551F6B6-0DB5-4C7E-80C0-2B486D0CC4B9}.Debug|Any CPU.Build.0 = Debug|Any CPU
		{7551F6B6-0DB5-4C7E-80C0-2B486D0CC4B9}.Release|Any CPU.ActiveCfg = Release|Any CPU
		{7551F6B6-0DB5-4C7E-80C0-2B486D0CC4B9}.Release|Any CPU.Build.0 = Release|Any CPU
		{4B1E25B1-4D4A-4759-8ACE-507F4480B279}.Debug|Any CPU.ActiveCfg = Debug|Any CPU
		{4B1E25B1-4D4A-4759-8ACE-507F4480B279}.Debug|Any CPU.Build.0 = Debug|Any CPU
		{4B1E25B1-4D4A-4759-8ACE-507F4480B279}.Release|Any CPU.ActiveCfg = Release|Any CPU
		{4B1E25B1-4D4A-4759-8ACE-507F4480B279}.Release|Any CPU.Build.0 = Release|Any CPU
		{BC47E99A-B0B1-4805-88DA-BCE3B5A5E82C}.Debug|Any CPU.ActiveCfg = Debug|Any CPU
		{BC47E99A-B0B1-4805-88DA-BCE3B5A5E82C}.Debug|Any CPU.Build.0 = Debug|Any CPU
		{BC47E99A-B0B1-4805-88DA-BCE3B5A5E82C}.Release|Any CPU.ActiveCfg = Release|Any CPU
		{BC47E99A-B0B1-4805-88DA-BCE3B5A5E82C}.Release|Any CPU.Build.0 = Release|Any CPU
		{7C5B6817-5449-405F-8C4D-47526A7AE26D}.Debug|Any CPU.ActiveCfg = Debug|Any CPU
		{7C5B6817-5449-405F-8C4D-47526A7AE26D}.Debug|Any CPU.Build.0 = Debug|Any CPU
		{7C5B6817-5449-405F-8C4D-47526A7AE26D}.Release|Any CPU.ActiveCfg = Release|Any CPU
		{7C5B6817-5449-405F-8C4D-47526A7AE26D}.Release|Any CPU.Build.0 = Release|Any CPU
	EndGlobalSection
	GlobalSection(SolutionProperties) = preSolution
		HideSolutionNode = FALSE
	EndGlobalSection
	GlobalSection(ExtensibilityGlobals) = postSolution
		SolutionGuid = {290FB0AF-B683-4A72-AB53-F5547FD07F17}
	EndGlobalSection
EndGlobal
